
Microsoft Visual Studio Solution File, Format Version 12.00
# Visual Studio Version 17
VisualStudioVersion = 17.12.35209.166
MinimumVisualStudioVersion = 10.0.40219.1
Project("{FAE04EC0-301F-11D3-BF4B-00C04F79EFBC}") = "OpenAISample", "OpenAISample.csproj", "{0DDF1673-895A-4911-AC3E-678199E7D387}"
EndProject
Global
	GlobalSection(SolutionConfigurationPlatforms) = preSolution
		Debug|Any CPU = Debug|Any CPU
		Release|Any CPU = Release|Any CPU
	EndGlobalSection
	GlobalSection(ProjectConfigurationPlatforms) = postSolution
		{0DDF1673-895A-4911-AC3E-678199E7D387}.Debug|Any CPU.ActiveCfg = Debug|Any CPU
		{0DDF1673-895A-4911-AC3E-678199E7D387}.Debug|Any CPU.Build.0 = Debug|Any CPU
		{0DDF1673-895A-4911-AC3E-678199E7D387}.Release|Any CPU.ActiveCfg = Release|Any CPU
		{0DDF1673-895A-4911-AC3E-678199E7D387}.Release|Any CPU.Build.0 = Release|Any CPU
	EndGlobalSection
	GlobalSection(SolutionProperties) = preSolution
		HideSolutionNode = FALSE
	EndGlobalSection
	GlobalSection(ExtensibilityGlobals) = postSolution
		SolutionGuid = {69D2DC46-BD9E-4855-9720-9054F0AB5C06}
	EndGlobalSection
EndGlobal
